
Microsoft Visual Studio Solution File, Format Version 12.00
# Visual Studio Version 16
VisualStudioVersion = 16.0.29509.3
MinimumVisualStudioVersion = 10.0.40219.1
Project("{FAE04EC0-301F-11D3-BF4B-00C04F79EFBC}") = "01. Reverse Strings", "01. Reverse Strings\01. Reverse Strings.csproj", "{76DEE31A-F550-4B53-8391-BB7C36009106}"
EndProject
Project("{FAE04EC0-301F-11D3-BF4B-00C04F79EFBC}") = "02. Repeat Strings", "02. Repeat Strings\02. Repeat Strings.csproj", "{9E47E37E-A315-4DE5-8AA2-EF4A493748E6}"
EndProject
Project("{FAE04EC0-301F-11D3-BF4B-00C04F79EFBC}") = "03. Substring", "03. Substring\03. Substring.csproj", "{AC3EF69D-442F-4CD0-A7EC-6EF5A07139B3}"
EndProject
Project("{FAE04EC0-301F-11D3-BF4B-00C04F79EFBC}") = "04. Text Filter", "04. Text Filter\04. Text Filter.csproj", "{5FDEB83F-1F27-4567-A8AB-61EB13444BC9}"
EndProject
Project("{FAE04EC0-301F-11D3-BF4B-00C04F79EFBC}") = "05. Digits, Letters and Other", "05. Digits, Letters and Other\05. Digits, Letters and Other.csproj", "{A9AEFF81-ADAD-4700-B27A-5E1A82EF31E8}"
EndProject
Global
	GlobalSection(SolutionConfigurationPlatforms) = preSolution
		Debug|Any CPU = Debug|Any CPU
		Release|Any CPU = Release|Any CPU
	EndGlobalSection
	GlobalSection(ProjectConfigurationPlatforms) = postSolution
		{76DEE31A-F550-4B53-8391-BB7C36009106}.Debug|Any CPU.ActiveCfg = Debug|Any CPU
		{76DEE31A-F550-4B53-8391-BB7C36009106}.Debug|Any CPU.Build.0 = Debug|Any CPU
		{76DEE31A-F550-4B53-8391-BB7C36009106}.Release|Any CPU.ActiveCfg = Release|Any CPU
		{76DEE31A-F550-4B53-8391-BB7C36009106}.Release|Any CPU.Build.0 = Release|Any CPU
		{9E47E37E-A315-4DE5-8AA2-EF4A493748E6}.Debug|Any CPU.ActiveCfg = Debug|Any CPU
		{9E47E37E-A315-4DE5-8AA2-EF4A493748E6}.Debug|Any CPU.Build.0 = Debug|Any CPU
		{9E47E37E-A315-4DE5-8AA2-EF4A493748E6}.Release|Any CPU.ActiveCfg = Release|Any CPU
		{9E47E37E-A315-4DE5-8AA2-EF4A493748E6}.Release|Any CPU.Build.0 = Release|Any CPU
		{AC3EF69D-442F-4CD0-A7EC-6EF5A07139B3}.Debug|Any CPU.ActiveCfg = Debug|Any CPU
		{AC3EF69D-442F-4CD0-A7EC-6EF5A07139B3}.Debug|Any CPU.Build.0 = Debug|Any CPU
		{AC3EF69D-442F-4CD0-A7EC-6EF5A07139B3}.Release|Any CPU.ActiveCfg = Release|Any CPU
		{AC3EF69D-442F-4CD0-A7EC-6EF5A07139B3}.Release|Any CPU.Build.0 = Release|Any CPU
		{5FDEB83F-1F27-4567-A8AB-61EB13444BC9}.Debug|Any CPU.ActiveCfg = Debug|Any CPU
		{5FDEB83F-1F27-4567-A8AB-61EB13444BC9}.Debug|Any CPU.Build.0 = Debug|Any CPU
		{5FDEB83F-1F27-4567-A8AB-61EB13444BC9}.Release|Any CPU.ActiveCfg = Release|Any CPU
		{5FDEB83F-1F27-4567-A8AB-61EB13444BC9}.Release|Any CPU.Build.0 = Release|Any CPU
		{A9AEFF81-ADAD-4700-B27A-5E1A82EF31E8}.Debug|Any CPU.ActiveCfg = Debug|Any CPU
		{A9AEFF81-ADAD-4700-B27A-5E1A82EF31E8}.Debug|Any CPU.Build.0 = Debug|Any CPU
		{A9AEFF81-ADAD-4700-B27A-5E1A82EF31E8}.Release|Any CPU.ActiveCfg = Release|Any CPU
		{A9AEFF81-ADAD-4700-B27A-5E1A82EF31E8}.Release|Any CPU.Build.0 = Release|Any CPU
	EndGlobalSection
	GlobalSection(SolutionProperties) = preSolution
		HideSolutionNode = FALSE
	EndGlobalSection
	GlobalSection(ExtensibilityGlobals) = postSolution
		SolutionGuid = {F9C36CAF-96D1-4F22-8FD3-3EF40B377864}
	EndGlobalSection
EndGlobal
